
Microsoft Visual Studio Solution File, Format Version 12.00
# Visual Studio Version 17
VisualStudioVersion = 17.11.35327.3
MinimumVisualStudioVersion = 10.0.40219.1
Project("{FAE04EC0-301F-11D3-BF4B-00C04F79EFBC}") = "OrderApi.Domain", "OrderApi.Domain\OrderApi.Domain.csproj", "{B1F59F8E-5213-4F83-A822-C848B907118C}"
EndProject
Project("{FAE04EC0-301F-11D3-BF4B-00C04F79EFBC}") = "OrderApi.Application", "OrderApi.Application\OrderApi.Application.csproj", "{0AAD0B21-8B61-4435-8FEB-B084A875B361}"
EndProject
Project("{FAE04EC0-301F-11D3-BF4B-00C04F79EFBC}") = "OrderApi.Infrastructure", "OrderApi.Infrastructure\OrderApi.Infrastructure.csproj", "{300EF61B-476E-4F66-B70F-089176CCF27E}"
EndProject
Project("{FAE04EC0-301F-11D3-BF4B-00C04F79EFBC}") = "OrderApi.Presentation", "OrderApi.Presentation\OrderApi.Presentation.csproj", "{E49B3776-7C8F-40A7-9355-DBE6E173C582}"
EndProject
Project("{9A19103F-16F7-4668-BE54-9A1E7A4F7556}") = "eCommerce.SharedLibrary", "..\DemoECommerce.SharedLibrarySolution\eCommerce.SharedLibrary\eCommerce.SharedLibrary.csproj", "{15A3EF4E-3F12-4AFA-B01A-B684827290C4}"
EndProject
Global
	GlobalSection(SolutionConfigurationPlatforms) = preSolution
		Debug|Any CPU = Debug|Any CPU
		Release|Any CPU = Release|Any CPU
	EndGlobalSection
	GlobalSection(ProjectConfigurationPlatforms) = postSolution
		{B1F59F8E-5213-4F83-A822-C848B907118C}.Debug|Any CPU.ActiveCfg = Debug|Any CPU
		{B1F59F8E-5213-4F83-A822-C848B907118C}.Debug|Any CPU.Build.0 = Debug|Any CPU
		{B1F59F8E-5213-4F83-A822-C848B907118C}.Release|Any CPU.ActiveCfg = Release|Any CPU
		{B1F59F8E-5213-4F83-A822-C848B907118C}.Release|Any CPU.Build.0 = Release|Any CPU
		{0AAD0B21-8B61-4435-8FEB-B084A875B361}.Debug|Any CPU.ActiveCfg = Debug|Any CPU
		{0AAD0B21-8B61-4435-8FEB-B084A875B361}.Debug|Any CPU.Build.0 = Debug|Any CPU
		{0AAD0B21-8B61-4435-8FEB-B084A875B361}.Release|Any CPU.ActiveCfg = Release|Any CPU
		{0AAD0B21-8B61-4435-8FEB-B084A875B361}.Release|Any CPU.Build.0 = Release|Any CPU
		{300EF61B-476E-4F66-B70F-089176CCF27E}.Debug|Any CPU.ActiveCfg = Debug|Any CPU
		{300EF61B-476E-4F66-B70F-089176CCF27E}.Debug|Any CPU.Build.0 = Debug|Any CPU
		{300EF61B-476E-4F66-B70F-089176CCF27E}.Release|Any CPU.ActiveCfg = Release|Any CPU
		{300EF61B-476E-4F66-B70F-089176CCF27E}.Release|Any CPU.Build.0 = Release|Any CPU
		{E49B3776-7C8F-40A7-9355-DBE6E173C582}.Debug|Any CPU.ActiveCfg = Debug|Any CPU
		{E49B3776-7C8F-40A7-9355-DBE6E173C582}.Debug|Any CPU.Build.0 = Debug|Any CPU
		{E49B3776-7C8F-40A7-9355-DBE6E173C582}.Release|Any CPU.ActiveCfg = Release|Any CPU
		{E49B3776-7C8F-40A7-9355-DBE6E173C582}.Release|Any CPU.Build.0 = Release|Any CPU
		{15A3EF4E-3F12-4AFA-B01A-B684827290C4}.Debug|Any CPU.ActiveCfg = Debug|Any CPU
		{15A3EF4E-3F12-4AFA-B01A-B684827290C4}.Debug|Any CPU.Build.0 = Debug|Any CPU
		{15A3EF4E-3F12-4AFA-B01A-B684827290C4}.Release|Any CPU.ActiveCfg = Release|Any CPU
		{15A3EF4E-3F12-4AFA-B01A-B684827290C4}.Release|Any CPU.Build.0 = Release|Any CPU
	EndGlobalSection
	GlobalSection(SolutionProperties) = preSolution
		HideSolutionNode = FALSE
	EndGlobalSection
	GlobalSection(ExtensibilityGlobals) = postSolution
		SolutionGuid = {AE6F7A5B-272E-4188-8D3C-21F7AEB0FCE7}
	EndGlobalSection
EndGlobal
